// !$*UTF8*$!
{
	archiveVersion = 1;
	classes = {
	};
	objectVersion = 46;
	objects = {

/* Begin PBXBuildFile section */
		ED26ABD61D90823500EDBA75 /* AppDelegate.swift in Sources */ = {isa = PBXBuildFile; fileRef = ED26ABD51D90823500EDBA75 /* AppDelegate.swift */; };
		ED26ABD81D90823500EDBA75 /* ViewController.swift in Sources */ = {isa = PBXBuildFile; fileRef = ED26ABD71D90823500EDBA75 /* ViewController.swift */; };
		ED26ABDB1D90823500EDBA75 /* Main.storyboard in Resources */ = {isa = PBXBuildFile; fileRef = ED26ABD91D90823500EDBA75 /* Main.storyboard */; };
		ED26ABDD1D90823500EDBA75 /* Assets.xcassets in Resources */ = {isa = PBXBuildFile; fileRef = ED26ABDC1D90823500EDBA75 /* Assets.xcassets */; };
		ED26ABE01D90823500EDBA75 /* LaunchScreen.storyboard in Resources */ = {isa = PBXBuildFile; fileRef = ED26ABDE1D90823500EDBA75 /* LaunchScreen.storyboard */; };
		ED26ABE81D90825700EDBA75 /* Datos.swift in Sources */ = {isa = PBXBuildFile; fileRef = ED26ABE71D90825700EDBA75 /* Datos.swift */; };
/* End PBXBuildFile section */

/* Begin PBXFileReference section */
		ED26ABD21D90823500EDBA75 /* HamburguesasPorElMundo.app */ = {isa = PBXFileReference; explicitFileType = wrapper.application; includeInIndex = 0; path = HamburguesasPorElMundo.app; sourceTree = BUILT_PRODUCTS_DIR; };
		ED26ABD51D90823500EDBA75 /* AppDelegate.swift */ = {isa = PBXFileReference; lastKnownFileType = sourcecode.swift; path = AppDelegate.swift; sourceTree = "<group>"; };
		ED26ABD71D90823500EDBA75 /* ViewController.swift */ = {isa = PBXFileReference; lastKnownFileType = sourcecode.swift; path = ViewController.swift; sourceTree = "<group>"; };
		ED26ABDA1D90823500EDBA75 /* Base */ = {isa = PBXFileReference; lastKnownFileType = file.storyboard; name = Base; path = Base.lproj/Main.storyboard; sourceTree = "<group>"; };
		ED26ABDC1D90823500EDBA75 /* Assets.xcassets */ = {isa = PBXFileReference; lastKnownFileType = folder.assetcatalog; path = Assets.xcassets; sourceTree = "<group>"; };
		ED26ABDF1D90823500EDBA75 /* Base */ = {isa = PBXFileReference; lastKnownFileType = file.storyboard; name = Base; path = Base.lproj/LaunchScreen.storyboard; sourceTree = "<group>"; };
		ED26ABE11D90823500EDBA75 /* Info.plist */ = {isa = PBXFileReference; lastKnownFileType = text.plist.xml; path = Info.plist; sourceTree = "<group>"; };
		ED26ABE71D90825700EDBA75 /* Datos.swift */ = {isa = PBXFileReference; fileEncoding = 4; lastKnownFileType = sourcecode.swift; path = Datos.swift; sourceTree = "<group>"; };
/* End PBXFileReference section */

/* Begin PBXFrameworksBuildPhase section */
		ED26ABCF1D90823500EDBA75 /* Frameworks */ = {
			isa = PBXFrameworksBuildPhase;
			buildActionMask = 2147483647;
			files = (
			);
			runOnlyForDeploymentPostprocessing = 0;
		};
/* End PBXFrameworksBuildPhase section */

/* Begin PBXGroup section */
		ED26ABC91D90823500EDBA75 = {
			isa = PBXGroup;
			children = (
				ED26ABD41D90823500EDBA75 /* HamburguesasPorElMundo */,
				ED26ABD31D90823500EDBA75 /* Products */,
			);
			sourceTree = "<group>";
		};
		ED26ABD31D90823500EDBA75 /* Products */ = {
			isa = PBXGroup;
			children = (
				ED26ABD21D90823500EDBA75 /* HamburguesasPorElMundo.app */,
			);
			name = Products;
			sourceTree = "<group>";
		};
		ED26ABD41D90823500EDBA75 /* HamburguesasPorElMundo */ = {
			isa = PBXGroup;
			children = (
				ED26ABD51D90823500EDBA75 /* AppDelegate.swift */,
				ED26ABD71D90823500EDBA75 /* ViewController.swift */,
				ED26ABD91D90823500EDBA75 /* Main.storyboard */,
				ED26ABDC1D90823500EDBA75 /* Assets.xcassets */,
				ED26ABDE1D90823500EDBA75 /* LaunchScreen.storyboard */,
				ED26ABE11D90823500EDBA75 /* Info.plist */,
				ED26ABE71D90825700EDBA75 /* Datos.swift */,
			);
			path = HamburguesasPorElMundo;
			sourceTree = "<group>";
		};
/* End PBXGroup section */

/* Begin PBXNativeTarget section */
		ED26ABD11D90823500EDBA75 /* HamburguesasPorElMundo */ = {
			isa = PBXNativeTarget;
			buildConfigurationList = ED26ABE41D90823500EDBA75 /* Build configuration list for PBXNativeTarget "HamburguesasPorElMundo" */;
			buildPhases = (
				ED26ABCE1D90823500EDBA75 /* Sources */,
				ED26ABCF1D90823500EDBA75 /* Frameworks */,
				ED26ABD01D90823500EDBA75 /* Resources */,
			);
			buildRules = (
			);
			dependencies = (
			);
			name = HamburguesasPorElMundo;
			productName = HamburguesasPorElMundo;
			productReference = ED26ABD21D90823500EDBA75 /* HamburguesasPorElMundo.app */;
			productType = "com.apple.product-type.application";
		};
/* End PBXNativeTarget section */

/* Begin PBXProject section */
		ED26ABCA1D90823500EDBA75 /* Project object */ = {
			isa = PBXProject;
			attributes = {
				LastSwiftUpdateCheck = 0730;
				LastUpgradeCheck = 0730;
				ORGANIZATIONNAME = "Martin Juarez Acheritobehere";
				TargetAttributes = {
					ED26ABD11D90823500EDBA75 = {
						CreatedOnToolsVersion = 7.3;
					};
				};
			};
			buildConfigurationList = ED26ABCD1D90823500EDBA75 /* Build configuration list for PBXProject "HamburguesasPorElMundo" */;
			compatibilityVersion = "Xcode 3.2";
			developmentRegion = English;
			hasScannedForEncodings = 0;
			knownRegions = (
				en,
				Base,
			);
			mainGroup = ED26ABC91D90823500EDBA75;
			productRefGroup = ED26ABD31D90823500EDBA75 /* Products */;
			projectDirPath = "";
			projectRoot = "";
			targets = (
				ED26ABD11D90823500EDBA75 /* HamburguesasPorElMundo */,
			);
		};
/* End PBXProject section */

/* Begin PBXResourcesBuildPhase section */
		ED26ABD01D90823500EDBA75 /* Resources */ = {
			isa = PBXResourcesBuildPhase;
			buildActionMask = 2147483647;
			files = (
				ED26ABE01D90823500EDBA75 /* LaunchScreen.storyboard in Resources */,
				ED26ABDD1D90823500EDBA75 /* Assets.xcassets in Resources */,
				ED26ABDB1D90823500EDBA75 /* Main.storyboard in Resources */,
			);
			runOnlyForDeploymentPostprocessing = 0;
		};
/* End PBXResourcesBuildPhase section */

/* Begin PBXSourcesBuildPhase section */
		ED26ABCE1D90823500EDBA75 /* Sources */ = {
			isa = PBXSourcesBuildPhase;
			buildActionMask = 2147483647;
			files = (
				ED26ABD81D90823500EDBA75 /* ViewController.swift in Sources */,
				ED26ABD61D90823500EDBA75 /* AppDelegate.swift in Sources */,
				ED26ABE81D90825700EDBA75 /* Datos.swift in Sources */,
			);
			runOnlyForDeploymentPostprocessing = 0;
		};
/* End PBXSourcesBuildPhase section */

/* Begin PBXVariantGroup section */
		ED26ABD91D90823500EDBA75 /* Main.storyboard */ = {
			isa = PBXVariantGroup;
			children = (
				ED26ABDA1D90823500EDBA75 /* Base */,
			);
			name = Main.storyboard;
			sourceTree = "<group>";
		};
		ED26ABDE1D90823500EDBA75 /* LaunchScreen.storyboard */ = {
			isa = PBXVariantGroup;
			children = (
				ED26ABDF1D90823500EDBA75 /* Base */,
			);
			name = LaunchScreen.storyboard;
			sourceTree = "<group>";
		};
/* End PBXVariantGroup section */

/* Begin XCBuildConfiguration section */
		ED26ABE21D90823500EDBA75 /* Debug */ = {
			isa = XCBuildConfiguration;
			buildSettings = {
				ALWAYS_SEARCH_USER_PATHS = NO;
				CLANG_ANALYZER_NONNULL = YES;
				CLANG_CXX_LANGUAGE_STANDARD = "gnu++0x";
				CLANG_CXX_LIBRARY = "libc++";
				CLANG_ENABLE_MODULES = YES;
				CLANG_ENABLE_OBJC_ARC = YES;
				CLANG_WARN_BOOL_CONVERSION = YES;
				CLANG_WARN_CONSTANT_CONVERSION = YES;
				CLANG_WARN_DIRECT_OBJC_ISA_USAGE = YES_ERROR;
				CLANG_WARN_EMPTY_BODY = YES;
				CLANG_WARN_ENUM_CONVERSION = YES;
				CLANG_WARN_INT_CONVERSION = YES;
				CLANG_WARN_OBJC_ROOT_CLASS = YES_ERROR;
				CLANG_WARN_UNREACHABLE_CODE = YES;
				CLANG_WARN__DUPLICATE_METHOD_MATCH = YES;
				"CODE_SIGN_IDENTITY[sdk=iphoneos*]" = "iPhone Developer";
				COPY_PHASE_STRIP = NO;
				DEBUG_INFORMATION_FORMAT = dwarf;
				ENABLE_STRICT_OBJC_MSGSEND = YES;
				ENABLE_TESTABILITY = YES;
				GCC_C_LANGUAGE_STANDARD = gnu99;
				GCC_DYNAMIC_NO_PIC = NO;
				GCC_NO_COMMON_BLOCKS = YES;
				GCC_OPTIMIZATION_LEVEL = 0;
				GCC_PREPROCESSOR_DEFINITIONS = (
					"DEBUG=1",
					"$(inherited)",
				);
				GCC_WARN_64_TO_32_BIT_CONVERSION = YES;
				GCC_WARN_ABOUT_RETURN_TYPE = YES_ERROR;
				GCC_WARN_UNDECLARED_SELECTOR = YES;
				GCC_WARN_UNINITIALIZED_AUTOS = YES_AGGRESSIVE;
				GCC_WARN_UNUSED_FUNCTION = YES;
				GCC_WARN_UNUSED_VARIABLE = YES;
				IPHONEOS_DEPLOYMENT_TARGET = 9.3;
				MTL_ENABLE_DEBUG_INFO = YES;
				ONLY_ACTIVE_ARCH = YES;
				SDKROOT = iphoneos;
				SWIFT_OPTIMIZATION_LEVEL = "-Onone";
			};
			name = Debug;
		};
		ED26ABE31D90823500EDBA75 /* Release */ = {
			isa = XCBuildConfiguration;
			buildSettings = {
				ALWAYS_SEARCH_USER_PATHS = NO;
				CLANG_ANALYZER_NONNULL = YES;
				CLANG_CXX_LANGUAGE_STANDARD = "gnu++0x";
				CLANG_CXX_LIBRARY = "libc++";
				CLANG_ENABLE_MODULES = YES;
				CLANG_ENABLE_OBJC_ARC = YES;
				CLANG_WARN_BOOL_CONVERSION = YES;
				CLANG_WARN_CONSTANT_CONVERSION = YES;
				CLANG_WARN_DIRECT_OBJC_ISA_USAGE = YES_ERROR;
				CLANG_WARN_EMPTY_BODY = YES;
				CLANG_WARN_ENUM_CONVERSION = YES;
				CLANG_WARN_INT_CONVERSION = YES;
				CLANG_WARN_OBJC_ROOT_CLASS = YES_ERROR;
				CLANG_WARN_UNREACHABLE_CODE = YES;
				CLANG_WARN__DUPLICATE_METHOD_MATCH = YES;
				"CODE_SIGN_IDENTITY[sdk=iphoneos*]" = "iPhone Developer";
				COPY_PHASE_STRIP = NO;
				DEBUG_INFORMATION_FORMAT = "dwarf-with-dsym";
				ENABLE_NS_ASSERTIONS = NO;
				ENABLE_STRICT_OBJC_MSGSEND = YES;
				GCC_C_LANGUAGE_STANDARD = gnu99;
				GCC_NO_COMMON_BLOCKS = YES;
				GCC_WARN_64_TO_32_BIT_CONVERSION = YES;
				GCC_WARN_ABOUT_RETURN_TYPE = YES_ERROR;
				GCC_WARN_UNDECLARED_SELECTOR = YES;
				GCC_WARN_UNINITIALIZED_AUTOS = YES_AGGRESSIVE;
				GCC_WARN_UNUSED_FUNCTION = YES;
				GCC_WARN_UNUSED_VARIABLE = YES;
				IPHONEOS_DEPLOYMENT_TARGET = 9.3;
				MTL_ENABLE_DEBUG_INFO = NO;
				SDKROOT = iphoneos;
				VALIDATE_PRODUCT = YES;
			};
			name = Release;
		};
		ED26ABE51D90823500EDBA75 /* Debug */ = {
			isa = XCBuildConfiguration;
			buildSettings = {
				ASSETCATALOG_COMPILER_APPICON_NAME = AppIcon;
				INFOPLIST_FILE = HamburguesasPorElMundo/Info.plist;
				LD_RUNPATH_SEARCH_PATHS = "$(inherited) @executable_path/Frameworks";
				PRODUCT_BUNDLE_IDENTIFIER = com.martincho.cursoSwift.HamburguesasPorElMundo;
				PRODUCT_NAME = "$(TARGET_NAME)";
			};
			name = Debug;
		};
		ED26ABE61D90823500EDBA75 /* Release */ = {
			isa = XCBuildConfiguration;
			buildSettings = {
				ASSETCATALOG_COMPILER_APPICON_NAME = AppIcon;
				INFOPLIST_FILE = HamburguesasPorElMundo/Info.plist;
				LD_RUNPATH_SEARCH_PATHS = "$(inherited) @executable_path/Frameworks";
				PRODUCT_BUNDLE_IDENTIFIER = com.martincho.cursoSwift.HamburguesasPorElMundo;
				PRODUCT_NAME = "$(TARGET_NAME)";
			};
			name = Release;
		};
/* End XCBuildConfiguration section */

/* Begin XCConfigurationList section */
		ED26ABCD1D90823500EDBA75 /* Build configuration list for PBXProject "HamburguesasPorElMundo" */ = {
			isa = XCConfigurationList;
			buildConfigurations = (
				ED26ABE21D90823500EDBA75 /* Debug */,
				ED26ABE31D90823500EDBA75 /* Release */,
			);
			defaultConfigurationIsVisible = 0;
			defaultConfigurationName = Release;
		};
		ED26ABE41D90823500EDBA75 /* Build configuration list for PBXNativeTarget "HamburguesasPorElMundo" */ = {
			isa = XCConfigurationList;
			buildConfigurations = (
				ED26ABE51D90823500EDBA75 /* Debug */,
				ED26ABE61D90823500EDBA75 /* Release */,
			);
			defaultConfigurationIsVisible = 0;
		};
/* End XCConfigurationList section */
	};
	rootObject = ED26ABCA1D90823500EDBA75 /* Project object */;
}
